// !$*UTF8*$!
{
	archiveVersion = 1;
	classes = {
	};
	objectVersion = 48;
	objects = {

/* Begin PBXBuildFile section */
		C7530FA621E88CD000123635 /* WebService.swift in Sources */ = {isa = PBXBuildFile; fileRef = C7530FA521E88CD000123635 /* WebService.swift */; };
		C77D59FE21E872D800FC87B9 /* CourseCell.swift in Sources */ = {isa = PBXBuildFile; fileRef = C77D59FD21E872D800FC87B9 /* CourseCell.swift */; };
		C78E5A7E21E85ACE00CE26FA /* AppDelegate.swift in Sources */ = {isa = PBXBuildFile; fileRef = C78E5A7D21E85ACE00CE26FA /* AppDelegate.swift */; };
		C78E5A8321E85ACE00CE26FA /* Main.storyboard in Resources */ = {isa = PBXBuildFile; fileRef = C78E5A8121E85ACE00CE26FA /* Main.storyboard */; };
		C78E5A8521E85ACE00CE26FA /* Assets.xcassets in Resources */ = {isa = PBXBuildFile; fileRef = C78E5A8421E85ACE00CE26FA /* Assets.xcassets */; };
		C78E5A8821E85ACE00CE26FA /* LaunchScreen.storyboard in Resources */ = {isa = PBXBuildFile; fileRef = C78E5A8621E85ACE00CE26FA /* LaunchScreen.storyboard */; };
		C78E5A9021E8696F00CE26FA /* BaseTableViewController.swift in Sources */ = {isa = PBXBuildFile; fileRef = C78E5A8F21E8696F00CE26FA /* BaseTableViewController.swift */; };
		C78E5A9221E8699700CE26FA /* BaseCell.swift in Sources */ = {isa = PBXBuildFile; fileRef = C78E5A9121E8699700CE26FA /* BaseCell.swift */; };
		C78E5AB021E8720800CE26FA /* CourseDetailViewController.swift in Sources */ = {isa = PBXBuildFile; fileRef = C78E5AA821E8720700CE26FA /* CourseDetailViewController.swift */; };
		C78E5AB221E8720800CE26FA /* VideoTableViewController.swift in Sources */ = {isa = PBXBuildFile; fileRef = C78E5AAA21E8720800CE26FA /* VideoTableViewController.swift */; };
		C78E5AB421E8720800CE26FA /* Course.swift in Sources */ = {isa = PBXBuildFile; fileRef = C78E5AAC21E8720800CE26FA /* Course.swift */; };
		C78E5AB521E8720800CE26FA /* VideoCell.swift in Sources */ = {isa = PBXBuildFile; fileRef = C78E5AAE21E8720800CE26FA /* VideoCell.swift */; };
		C78E5AB621E8720800CE26FA /* ViewController.swift in Sources */ = {isa = PBXBuildFile; fileRef = C78E5AAF21E8720800CE26FA /* ViewController.swift */; };
/* End PBXBuildFile section */

/* Begin PBXFileReference section */
		C7530FA521E88CD000123635 /* WebService.swift */ = {isa = PBXFileReference; lastKnownFileType = sourcecode.swift; path = WebService.swift; sourceTree = "<group>"; };
		C77D59FD21E872D800FC87B9 /* CourseCell.swift */ = {isa = PBXFileReference; fileEncoding = 4; lastKnownFileType = sourcecode.swift; path = CourseCell.swift; sourceTree = "<group>"; };
		C78E5A7A21E85ACD00CE26FA /* GenericParseDemo.app */ = {isa = PBXFileReference; explicitFileType = wrapper.application; includeInIndex = 0; path = GenericParseDemo.app; sourceTree = BUILT_PRODUCTS_DIR; };
		C78E5A7D21E85ACE00CE26FA /* AppDelegate.swift */ = {isa = PBXFileReference; lastKnownFileType = sourcecode.swift; path = AppDelegate.swift; sourceTree = "<group>"; };
		C78E5A8221E85ACE00CE26FA /* Base */ = {isa = PBXFileReference; lastKnownFileType = file.storyboard; name = Base; path = Base.lproj/Main.storyboard; sourceTree = "<group>"; };
		C78E5A8421E85ACE00CE26FA /* Assets.xcassets */ = {isa = PBXFileReference; lastKnownFileType = folder.assetcatalog; path = Assets.xcassets; sourceTree = "<group>"; };
		C78E5A8721E85ACE00CE26FA /* Base */ = {isa = PBXFileReference; lastKnownFileType = file.storyboard; name = Base; path = Base.lproj/LaunchScreen.storyboard; sourceTree = "<group>"; };
		C78E5A8921E85ACE00CE26FA /* Info.plist */ = {isa = PBXFileReference; lastKnownFileType = text.plist.xml; path = Info.plist; sourceTree = "<group>"; };
		C78E5A8F21E8696F00CE26FA /* BaseTableViewController.swift */ = {isa = PBXFileReference; lastKnownFileType = sourcecode.swift; path = BaseTableViewController.swift; sourceTree = "<group>"; };
		C78E5A9121E8699700CE26FA /* BaseCell.swift */ = {isa = PBXFileReference; lastKnownFileType = sourcecode.swift; path = BaseCell.swift; sourceTree = "<group>"; };
		C78E5AA821E8720700CE26FA /* CourseDetailViewController.swift */ = {isa = PBXFileReference; lastKnownFileType = sourcecode.swift; path = CourseDetailViewController.swift; sourceTree = "<group>"; };
		C78E5AA921E8720700CE26FA /* BaseCell.swift */ = {isa = PBXFileReference; lastKnownFileType = sourcecode.swift; path = BaseCell.swift; sourceTree = "<group>"; };
		C78E5AAA21E8720800CE26FA /* VideoTableViewController.swift */ = {isa = PBXFileReference; lastKnownFileType = sourcecode.swift; path = VideoTableViewController.swift; sourceTree = "<group>"; };
		C78E5AAB21E8720800CE26FA /* BaseTableViewController.swift */ = {isa = PBXFileReference; lastKnownFileType = sourcecode.swift; path = BaseTableViewController.swift; sourceTree = "<group>"; };
		C78E5AAC21E8720800CE26FA /* Course.swift */ = {isa = PBXFileReference; lastKnownFileType = sourcecode.swift; path = Course.swift; sourceTree = "<group>"; };
		C78E5AAD21E8720800CE26FA /* CourseDetailViewController.xib */ = {isa = PBXFileReference; lastKnownFileType = file.xib; path = CourseDetailViewController.xib; sourceTree = "<group>"; };
		C78E5AAE21E8720800CE26FA /* VideoCell.swift */ = {isa = PBXFileReference; lastKnownFileType = sourcecode.swift; path = VideoCell.swift; sourceTree = "<group>"; };
		C78E5AAF21E8720800CE26FA /* ViewController.swift */ = {isa = PBXFileReference; lastKnownFileType = sourcecode.swift; path = ViewController.swift; sourceTree = "<group>"; };
/* End PBXFileReference section */

/* Begin PBXFrameworksBuildPhase section */
		C78E5A7721E85ACD00CE26FA /* Frameworks */ = {
			isa = PBXFrameworksBuildPhase;
			buildActionMask = 2147483647;
			files = (
			);
			runOnlyForDeploymentPostprocessing = 0;
		};
/* End PBXFrameworksBuildPhase section */

/* Begin PBXGroup section */
		C78E5A7121E85ACD00CE26FA = {
			isa = PBXGroup;
			children = (
				C78E5A7C21E85ACD00CE26FA /* GenericParseDemo */,
				C78E5A7B21E85ACD00CE26FA /* Products */,
			);
			sourceTree = "<group>";
		};
		C78E5A7B21E85ACD00CE26FA /* Products */ = {
			isa = PBXGroup;
			children = (
				C78E5A7A21E85ACD00CE26FA /* GenericParseDemo.app */,
			);
			name = Products;
			sourceTree = "<group>";
		};
		C78E5A7C21E85ACD00CE26FA /* GenericParseDemo */ = {
			isa = PBXGroup;
			children = (
				C78E5AA921E8720700CE26FA /* BaseCell.swift */,
				C78E5AAB21E8720800CE26FA /* BaseTableViewController.swift */,
				C78E5AAC21E8720800CE26FA /* Course.swift */,
				C78E5AA821E8720700CE26FA /* CourseDetailViewController.swift */,
				C77D59FD21E872D800FC87B9 /* CourseCell.swift */,
				C78E5AAD21E8720800CE26FA /* CourseDetailViewController.xib */,
				C78E5AAE21E8720800CE26FA /* VideoCell.swift */,
				C78E5AAA21E8720800CE26FA /* VideoTableViewController.swift */,
				C78E5AAF21E8720800CE26FA /* ViewController.swift */,
				C78E5A7D21E85ACE00CE26FA /* AppDelegate.swift */,
				C78E5A8121E85ACE00CE26FA /* Main.storyboard */,
				C78E5A8421E85ACE00CE26FA /* Assets.xcassets */,
				C78E5A8621E85ACE00CE26FA /* LaunchScreen.storyboard */,
				C78E5A8921E85ACE00CE26FA /* Info.plist */,
				C78E5A8F21E8696F00CE26FA /* BaseTableViewController.swift */,
				C78E5A9121E8699700CE26FA /* BaseCell.swift */,
				C7530FA521E88CD000123635 /* WebService.swift */,
			);
			path = GenericParseDemo;
			sourceTree = "<group>";
		};
/* End PBXGroup section */

/* Begin PBXNativeTarget section */
		C78E5A7921E85ACD00CE26FA /* GenericParseDemo */ = {
			isa = PBXNativeTarget;
			buildConfigurationList = C78E5A8C21E85ACE00CE26FA /* Build configuration list for PBXNativeTarget "GenericParseDemo" */;
			buildPhases = (
				C78E5A7621E85ACD00CE26FA /* Sources */,
				C78E5A7721E85ACD00CE26FA /* Frameworks */,
				C78E5A7821E85ACD00CE26FA /* Resources */,
			);
			buildRules = (
			);
			dependencies = (
			);
			name = GenericParseDemo;
			productName = GenericParseDemo;
			productReference = C78E5A7A21E85ACD00CE26FA /* GenericParseDemo.app */;
			productType = "com.apple.product-type.application";
		};
/* End PBXNativeTarget section */

/* Begin PBXProject section */
		C78E5A7221E85ACD00CE26FA /* Project object */ = {
			isa = PBXProject;
			attributes = {
				LastSwiftUpdateCheck = 0900;
				LastUpgradeCheck = 0900;
				ORGANIZATIONNAME = Redeem;
				TargetAttributes = {
					C78E5A7921E85ACD00CE26FA = {
						CreatedOnToolsVersion = 9.0;
						ProvisioningStyle = Automatic;
					};
				};
			};
			buildConfigurationList = C78E5A7521E85ACD00CE26FA /* Build configuration list for PBXProject "GenericParseDemo" */;
			compatibilityVersion = "Xcode 8.0";
			developmentRegion = en;
			hasScannedForEncodings = 0;
			knownRegions = (
				en,
				Base,
			);
			mainGroup = C78E5A7121E85ACD00CE26FA;
			productRefGroup = C78E5A7B21E85ACD00CE26FA /* Products */;
			projectDirPath = "";
			projectRoot = "";
			targets = (
				C78E5A7921E85ACD00CE26FA /* GenericParseDemo */,
			);
		};
/* End PBXProject section */

/* Begin PBXResourcesBuildPhase section */
		C78E5A7821E85ACD00CE26FA /* Resources */ = {
			isa = PBXResourcesBuildPhase;
			buildActionMask = 2147483647;
			files = (
				C78E5A8821E85ACE00CE26FA /* LaunchScreen.storyboard in Resources */,
				C78E5A8521E85ACE00CE26FA /* Assets.xcassets in Resources */,
				C78E5A8321E85ACE00CE26FA /* Main.storyboard in Resources */,
			);
			runOnlyForDeploymentPostprocessing = 0;
		};
/* End PBXResourcesBuildPhase section */

/* Begin PBXSourcesBuildPhase section */
		C78E5A7621E85ACD00CE26FA /* Sources */ = {
			isa = PBXSourcesBuildPhase;
			buildActionMask = 2147483647;
			files = (
				C78E5AB621E8720800CE26FA /* ViewController.swift in Sources */,
				C78E5AB421E8720800CE26FA /* Course.swift in Sources */,
				C78E5AB021E8720800CE26FA /* CourseDetailViewController.swift in Sources */,
				C77D59FE21E872D800FC87B9 /* CourseCell.swift in Sources */,
				C78E5AB521E8720800CE26FA /* VideoCell.swift in Sources */,
				C78E5AB221E8720800CE26FA /* VideoTableViewController.swift in Sources */,
				C78E5A9221E8699700CE26FA /* BaseCell.swift in Sources */,
				C78E5A9021E8696F00CE26FA /* BaseTableViewController.swift in Sources */,
				C7530FA621E88CD000123635 /* WebService.swift in Sources */,
				C78E5A7E21E85ACE00CE26FA /* AppDelegate.swift in Sources */,
			);
			runOnlyForDeploymentPostprocessing = 0;
		};
/* End PBXSourcesBuildPhase section */

/* Begin PBXVariantGroup section */
		C78E5A8121E85ACE00CE26FA /* Main.storyboard */ = {
			isa = PBXVariantGroup;
			children = (
				C78E5A8221E85ACE00CE26FA /* Base */,
			);
			name = Main.storyboard;
			sourceTree = "<group>";
		};
		C78E5A8621E85ACE00CE26FA /* LaunchScreen.storyboard */ = {
			isa = PBXVariantGroup;
			children = (
				C78E5A8721E85ACE00CE26FA /* Base */,
			);
			name = LaunchScreen.storyboard;
			sourceTree = "<group>";
		};
/* End PBXVariantGroup section */

/* Begin XCBuildConfiguration section */
		C78E5A8A21E85ACE00CE26FA /* Debug */ = {
			isa = XCBuildConfiguration;
			buildSettings = {
				ALWAYS_SEARCH_USER_PATHS = NO;
				CLANG_ANALYZER_NONNULL = YES;
				CLANG_ANALYZER_NUMBER_OBJECT_CONVERSION = YES_AGGRESSIVE;
				CLANG_CXX_LANGUAGE_STANDARD = "gnu++14";
				CLANG_CXX_LIBRARY = "libc++";
				CLANG_ENABLE_MODULES = YES;
				CLANG_ENABLE_OBJC_ARC = YES;
				CLANG_WARN_BLOCK_CAPTURE_AUTORELEASING = YES;
				CLANG_WARN_BOOL_CONVERSION = YES;
				CLANG_WARN_COMMA = YES;
				CLANG_WARN_CONSTANT_CONVERSION = YES;
				CLANG_WARN_DIRECT_OBJC_ISA_USAGE = YES_ERROR;
				CLANG_WARN_DOCUMENTATION_COMMENTS = YES;
				CLANG_WARN_EMPTY_BODY = YES;
				CLANG_WARN_ENUM_CONVERSION = YES;
				CLANG_WARN_INFINITE_RECURSION = YES;
				CLANG_WARN_INT_CONVERSION = YES;
				CLANG_WARN_NON_LITERAL_NULL_CONVERSION = YES;
				CLANG_WARN_OBJC_LITERAL_CONVERSION = YES;
				CLANG_WARN_OBJC_ROOT_CLASS = YES_ERROR;
				CLANG_WARN_RANGE_LOOP_ANALYSIS = YES;
				CLANG_WARN_STRICT_PROTOTYPES = YES;
				CLANG_WARN_SUSPICIOUS_MOVE = YES;
				CLANG_WARN_UNGUARDED_AVAILABILITY = YES_AGGRESSIVE;
				CLANG_WARN_UNREACHABLE_CODE = YES;
				CLANG_WARN__DUPLICATE_METHOD_MATCH = YES;
				CODE_SIGN_IDENTITY = "iPhone Developer";
				COPY_PHASE_STRIP = NO;
				DEBUG_INFORMATION_FORMAT = dwarf;
				ENABLE_STRICT_OBJC_MSGSEND = YES;
				ENABLE_TESTABILITY = YES;
				GCC_C_LANGUAGE_STANDARD = gnu11;
				GCC_DYNAMIC_NO_PIC = NO;
				GCC_NO_COMMON_BLOCKS = YES;
				GCC_OPTIMIZATION_LEVEL = 0;
				GCC_PREPROCESSOR_DEFINITIONS = (
					"DEBUG=1",
					"$(inherited)",
				);
				GCC_WARN_64_TO_32_BIT_CONVERSION = YES;
				GCC_WARN_ABOUT_RETURN_TYPE = YES_ERROR;
				GCC_WARN_UNDECLARED_SELECTOR = YES;
				GCC_WARN_UNINITIALIZED_AUTOS = YES_AGGRESSIVE;
				GCC_WARN_UNUSED_FUNCTION = YES;
				GCC_WARN_UNUSED_VARIABLE = YES;
				IPHONEOS_DEPLOYMENT_TARGET = 11.0;
				MTL_ENABLE_DEBUG_INFO = YES;
				ONLY_ACTIVE_ARCH = YES;
				SDKROOT = iphoneos;
				SWIFT_ACTIVE_COMPILATION_CONDITIONS = DEBUG;
				SWIFT_OPTIMIZATION_LEVEL = "-Onone";
			};
			name = Debug;
		};
		C78E5A8B21E85ACE00CE26FA /* Release */ = {
			isa = XCBuildConfiguration;
			buildSettings = {
				ALWAYS_SEARCH_USER_PATHS = NO;
				CLANG_ANALYZER_NONNULL = YES;
				CLANG_ANALYZER_NUMBER_OBJECT_CONVERSION = YES_AGGRESSIVE;
				CLANG_CXX_LANGUAGE_STANDARD = "gnu++14";
				CLANG_CXX_LIBRARY = "libc++";
				CLANG_ENABLE_MODULES = YES;
				CLANG_ENABLE_OBJC_ARC = YES;
				CLANG_WARN_BLOCK_CAPTURE_AUTORELEASING = YES;
				CLANG_WARN_BOOL_CONVERSION = YES;
				CLANG_WARN_COMMA = YES;
				CLANG_WARN_CONSTANT_CONVERSION = YES;
				CLANG_WARN_DIRECT_OBJC_ISA_USAGE = YES_ERROR;
				CLANG_WARN_DOCUMENTATION_COMMENTS = YES;
				CLANG_WARN_EMPTY_BODY = YES;
				CLANG_WARN_ENUM_CONVERSION = YES;
				CLANG_WARN_INFINITE_RECURSION = YES;
				CLANG_WARN_INT_CONVERSION = YES;
				CLANG_WARN_NON_LITERAL_NULL_CONVERSION = YES;
				CLANG_WARN_OBJC_LITERAL_CONVERSION = YES;
				CLANG_WARN_OBJC_ROOT_CLASS = YES_ERROR;
				CLANG_WARN_RANGE_LOOP_ANALYSIS = YES;
				CLANG_WARN_STRICT_PROTOTYPES = YES;
				CLANG_WARN_SUSPICIOUS_MOVE = YES;
				CLANG_WARN_UNGUARDED_AVAILABILITY = YES_AGGRESSIVE;
				CLANG_WARN_UNREACHABLE_CODE = YES;
				CLANG_WARN__DUPLICATE_METHOD_MATCH = YES;
				CODE_SIGN_IDENTITY = "iPhone Developer";
				COPY_PHASE_STRIP = NO;
				DEBUG_INFORMATION_FORMAT = "dwarf-with-dsym";
				ENABLE_NS_ASSERTIONS = NO;
				ENABLE_STRICT_OBJC_MSGSEND = YES;
				GCC_C_LANGUAGE_STANDARD = gnu11;
				GCC_NO_COMMON_BLOCKS = YES;
				GCC_WARN_64_TO_32_BIT_CONVERSION = YES;
				GCC_WARN_ABOUT_RETURN_TYPE = YES_ERROR;
				GCC_WARN_UNDECLARED_SELECTOR = YES;
				GCC_WARN_UNINITIALIZED_AUTOS = YES_AGGRESSIVE;
				GCC_WARN_UNUSED_FUNCTION = YES;
				GCC_WARN_UNUSED_VARIABLE = YES;
				IPHONEOS_DEPLOYMENT_TARGET = 11.0;
				MTL_ENABLE_DEBUG_INFO = NO;
				SDKROOT = iphoneos;
				SWIFT_OPTIMIZATION_LEVEL = "-Owholemodule";
				VALIDATE_PRODUCT = YES;
			};
			name = Release;
		};
		C78E5A8D21E85ACE00CE26FA /* Debug */ = {
			isa = XCBuildConfiguration;
			buildSettings = {
				ASSETCATALOG_COMPILER_APPICON_NAME = AppIcon;
				CODE_SIGN_STYLE = Automatic;
				DEVELOPMENT_TEAM = 4MS77S6268;
				INFOPLIST_FILE = GenericParseDemo/Info.plist;
				LD_RUNPATH_SEARCH_PATHS = "$(inherited) @executable_path/Frameworks";
				PRODUCT_BUNDLE_IDENTIFIER = com.xtrastaff.GenericParseDemo;
				PRODUCT_NAME = "$(TARGET_NAME)";
				SWIFT_VERSION = 4.0;
				TARGETED_DEVICE_FAMILY = "1,2";
			};
			name = Debug;
		};
		C78E5A8E21E85ACE00CE26FA /* Release */ = {
			isa = XCBuildConfiguration;
			buildSettings = {
				ASSETCATALOG_COMPILER_APPICON_NAME = AppIcon;
				CODE_SIGN_STYLE = Automatic;
				DEVELOPMENT_TEAM = 4MS77S6268;
				INFOPLIST_FILE = GenericParseDemo/Info.plist;
				LD_RUNPATH_SEARCH_PATHS = "$(inherited) @executable_path/Frameworks";
				PRODUCT_BUNDLE_IDENTIFIER = com.xtrastaff.GenericParseDemo;
				PRODUCT_NAME = "$(TARGET_NAME)";
				SWIFT_VERSION = 4.0;
				TARGETED_DEVICE_FAMILY = "1,2";
			};
			name = Release;
		};
/* End XCBuildConfiguration section */

/* Begin XCConfigurationList section */
		C78E5A7521E85ACD00CE26FA /* Build configuration list for PBXProject "GenericParseDemo" */ = {
			isa = XCConfigurationList;
			buildConfigurations = (
				C78E5A8A21E85ACE00CE26FA /* Debug */,
				C78E5A8B21E85ACE00CE26FA /* Release */,
			);
			defaultConfigurationIsVisible = 0;
			defaultConfigurationName = Release;
		};
		C78E5A8C21E85ACE00CE26FA /* Build configuration list for PBXNativeTarget "GenericParseDemo" */ = {
			isa = XCConfigurationList;
			buildConfigurations = (
				C78E5A8D21E85ACE00CE26FA /* Debug */,
				C78E5A8E21E85ACE00CE26FA /* Release */,
			);
			defaultConfigurationIsVisible = 0;
			defaultConfigurationName = Release;
		};
/* End XCConfigurationList section */
	};
	rootObject = C78E5A7221E85ACD00CE26FA /* Project object */;
}
